
Microsoft Visual Studio Solution File, Format Version 12.00
# Visual Studio Version 17
VisualStudioVersion = 17.14.36408.4
MinimumVisualStudioVersion = 10.0.40219.1
Project("{FAE04EC0-301F-11D3-BF4B-00C04F79EFBC}") = "AteCorpseMood", "Source\AteCorpseMood.csproj", "{69C81A76-E099-4348-B717-FC5B524AF326}"
EndProject
Global
	GlobalSection(SolutionConfigurationPlatforms) = preSolution
		Debug|Any CPU = Debug|Any CPU
		Release|Any CPU = Release|Any CPU
	EndGlobalSection
	GlobalSection(ProjectConfigurationPlatforms) = postSolution
		{69C81A76-E099-4348-B717-FC5B524AF326}.Debug|Any CPU.ActiveCfg = Debug|Any CPU
		{69C81A76-E099-4348-B717-FC5B524AF326}.Debug|Any CPU.Build.0 = Debug|Any CPU
		{69C81A76-E099-4348-B717-FC5B524AF326}.Release|Any CPU.ActiveCfg = Release|Any CPU
	EndGlobalSection
	GlobalSection(SolutionProperties) = preSolution
		HideSolutionNode = FALSE
	EndGlobalSection
	GlobalSection(ExtensibilityGlobals) = postSolution
		SolutionGuid = {0D368382-D641-494A-8BE9-DC4B0DB1A96A}
	EndGlobalSection
EndGlobal
